
Microsoft Visual Studio Solution File, Format Version 11.00
# Visual Studio 2010
Project("{8BC9CEB8-8B4A-11D0-8D11-00A0C91BC942}") = "GSP410_HammurabiServer", "GSP410_HammurabiServer\GSP410_HammurabiServer.vcxproj", "{60453FDB-2919-4F27-8895-F6C388C9E920}"
EndProject
Global
	GlobalSection(SolutionConfigurationPlatforms) = preSolution
		Debug|Win32 = Debug|Win32
		Release|Win32 = Release|Win32
	EndGlobalSection
	GlobalSection(ProjectConfigurationPlatforms) = postSolution
		{60453FDB-2919-4F27-8895-F6C388C9E920}.Debug|Win32.ActiveCfg = Debug|Win32
		{60453FDB-2919-4F27-8895-F6C388C9E920}.Debug|Win32.Build.0 = Debug|Win32
		{60453FDB-2919-4F27-8895-F6C388C9E920}.Release|Win32.ActiveCfg = Release|Win32
		{60453FDB-2919-4F27-8895-F6C388C9E920}.Release|Win32.Build.0 = Release|Win32
	EndGlobalSection
	GlobalSection(SolutionProperties) = preSolution
		HideSolutionNode = FALSE
	EndGlobalSection
EndGlobal
